
Microsoft Visual Studio Solution File, Format Version 12.00
# Visual Studio Version 16
VisualStudioVersion = 16.0.28516.95
MinimumVisualStudioVersion = 10.0.40219.1
Project("{9A19103F-16F7-4668-BE54-9A1E7A4F7556}") = "XamlLoad", "XamlLoad\XamlLoad.csproj", "{1964B965-9D97-43C4-A736-F700332E7B64}"
EndProject
Project("{9A19103F-16F7-4668-BE54-9A1E7A4F7556}") = "ControlsBase", "ControlsBase\ControlsBase.csproj", "{9DF451F0-AAC3-44B5-9301-D7D4FC4CFF03}"
EndProject
Project("{FAE04EC0-301F-11D3-BF4B-00C04F79EFBC}") = "CustomControls", "CustomControls\CustomControls.csproj", "{2E6FD252-F406-47A8-86C0-CE4F0A381298}"
EndProject
Global
	GlobalSection(SolutionConfigurationPlatforms) = preSolution
		Debug|Any CPU = Debug|Any CPU
		Release|Any CPU = Release|Any CPU
	EndGlobalSection
	GlobalSection(ProjectConfigurationPlatforms) = postSolution
		{1964B965-9D97-43C4-A736-F700332E7B64}.Debug|Any CPU.ActiveCfg = Debug|Any CPU
		{1964B965-9D97-43C4-A736-F700332E7B64}.Debug|Any CPU.Build.0 = Debug|Any CPU
		{1964B965-9D97-43C4-A736-F700332E7B64}.Release|Any CPU.ActiveCfg = Release|Any CPU
		{1964B965-9D97-43C4-A736-F700332E7B64}.Release|Any CPU.Build.0 = Release|Any CPU
		{9DF451F0-AAC3-44B5-9301-D7D4FC4CFF03}.Debug|Any CPU.ActiveCfg = Debug|Any CPU
		{9DF451F0-AAC3-44B5-9301-D7D4FC4CFF03}.Debug|Any CPU.Build.0 = Debug|Any CPU
		{9DF451F0-AAC3-44B5-9301-D7D4FC4CFF03}.Release|Any CPU.ActiveCfg = Release|Any CPU
		{9DF451F0-AAC3-44B5-9301-D7D4FC4CFF03}.Release|Any CPU.Build.0 = Release|Any CPU
		{2E6FD252-F406-47A8-86C0-CE4F0A381298}.Debug|Any CPU.ActiveCfg = Debug|Any CPU
		{2E6FD252-F406-47A8-86C0-CE4F0A381298}.Debug|Any CPU.Build.0 = Debug|Any CPU
		{2E6FD252-F406-47A8-86C0-CE4F0A381298}.Release|Any CPU.ActiveCfg = Release|Any CPU
		{2E6FD252-F406-47A8-86C0-CE4F0A381298}.Release|Any CPU.Build.0 = Release|Any CPU
	EndGlobalSection
	GlobalSection(SolutionProperties) = preSolution
		HideSolutionNode = FALSE
	EndGlobalSection
	GlobalSection(ExtensibilityGlobals) = postSolution
		SolutionGuid = {1B8FD092-8495-470B-9193-226A14ED747E}
	EndGlobalSection
EndGlobal
